schema: '2.0'
stages:
  fit_model:
    cmd: python fit_model.py -i data -o data -m models -n mockingbird
    deps:
    - path: data/spam.csv
      md5: bbbfb4eec9922ee5ef1759cf268ef8e7
      size: 506009
    - path: fit_model.py
      md5: 99aa9ea11484cbfbec7c490b71f1d6fc
      size: 2049
    params:
      params.yaml:
        feature_storage.n_estimators: 50
    outs:
    - path: data/X_test.pickle
      md5: ee5cf3d436396dea7efad81de7d65482
      size: 29922275
    - path: data/X_train.pickle
      md5: 73b5db760627b5ca072765aa74296759
      size: 69794563
    - path: data/y_test.pickle
      md5: 1cdf4202a0b462f6d0552a8f7c7729bc
      size: 40779
    - path: data/y_train.pickle
      md5: c1b011e9589efb0181a8358c5db4696e
      size: 94260
    - path: models/cv.pickle
      md5: 599a92d67444ac4348a0e5657bd7ae3d
      size: 108815
    - path: models/rfc.onnx
      md5: 45544e6c3a2212e74a176d29995a092f
      size: 2777766
  download_data:
    cmd: wget -O data/spam.csv https://www.dropbox.com/s/6qo05er8p2afg61/new_spam.csv?dl=1
    outs:
    - path: data/spam.csv
      md5: bbbfb4eec9922ee5ef1759cf268ef8e7
      size: 506009
  inference_model:
    cmd: python test_model.py -o data -m models --metrics metrics
    deps:
    - path: data/X_test.pickle
      md5: ee5cf3d436396dea7efad81de7d65482
      size: 29922275
    - path: data/X_train.pickle
      md5: 73b5db760627b5ca072765aa74296759
      size: 69794563
    - path: data/y_test.pickle
      md5: 1cdf4202a0b462f6d0552a8f7c7729bc
      size: 40779
    - path: data/y_train.pickle
      md5: c1b011e9589efb0181a8358c5db4696e
      size: 94260
    - path: models/rfc.onnx
      md5: 45544e6c3a2212e74a176d29995a092f
      size: 2777766
    outs:
    - path: metrics/metrics.json
      md5: 16e62f45026bd9114281b5fc0d45705d
      size: 82
    - path: metrics/plots/roc_auc.csv
      md5: 8e9998b34c244e187d0f4d3e167a901d
      size: 47
